
Microsoft Visual Studio Solution File, Format Version 12.00
# Visual Studio Version 17
VisualStudioVersion = 17.14.36511.14 d17.14
MinimumVisualStudioVersion = 10.0.40219.1
Project("{FAE04EC0-301F-11D3-BF4B-00C04F79EFBC}") = "LolApi", "LolApi\LolApi.csproj", "{059DF1CF-EBD3-4634-A5E0-99815B4500E5}"
EndProject
Global
	GlobalSection(SolutionConfigurationPlatforms) = preSolution
		Debug|Any CPU = Debug|Any CPU
		Release|Any CPU = Release|Any CPU
	EndGlobalSection
	GlobalSection(ProjectConfigurationPlatforms) = postSolution
		{059DF1CF-EBD3-4634-A5E0-99815B4500E5}.Debug|Any CPU.ActiveCfg = Debug|Any CPU
		{059DF1CF-EBD3-4634-A5E0-99815B4500E5}.Debug|Any CPU.Build.0 = Debug|Any CPU
		{059DF1CF-EBD3-4634-A5E0-99815B4500E5}.Release|Any CPU.ActiveCfg = Release|Any CPU
		{059DF1CF-EBD3-4634-A5E0-99815B4500E5}.Release|Any CPU.Build.0 = Release|Any CPU
	EndGlobalSection
	GlobalSection(SolutionProperties) = preSolution
		HideSolutionNode = FALSE
	EndGlobalSection
	GlobalSection(ExtensibilityGlobals) = postSolution
		SolutionGuid = {AA6242F5-F9ED-421E-B2EC-A7019CFAF43B}
	EndGlobalSection
EndGlobal
